
Microsoft Visual Studio Solution File, Format Version 12.00
# Visual Studio Version 16
VisualStudioVersion = 25.0.1706.14
MinimumVisualStudioVersion = 10.0.40219.1
Project("{FAE04EC0-301F-11D3-BF4B-00C04F79EFBC}") = "task p1", "task p1\task p1.csproj", "{3DDFBBA2-4A93-4703-86C6-3B1244A75069}"
EndProject
Global
	GlobalSection(SolutionConfigurationPlatforms) = preSolution
		Debug|Any CPU = Debug|Any CPU
		Release|Any CPU = Release|Any CPU
	EndGlobalSection
	GlobalSection(ProjectConfigurationPlatforms) = postSolution
		{3DDFBBA2-4A93-4703-86C6-3B1244A75069}.Debug|Any CPU.ActiveCfg = Debug|Any CPU
		{3DDFBBA2-4A93-4703-86C6-3B1244A75069}.Debug|Any CPU.Build.0 = Debug|Any CPU
		{3DDFBBA2-4A93-4703-86C6-3B1244A75069}.Release|Any CPU.ActiveCfg = Release|Any CPU
		{3DDFBBA2-4A93-4703-86C6-3B1244A75069}.Release|Any CPU.Build.0 = Release|Any CPU
	EndGlobalSection
	GlobalSection(SolutionProperties) = preSolution
		HideSolutionNode = FALSE
	EndGlobalSection
	GlobalSection(ExtensibilityGlobals) = postSolution
		SolutionGuid = {72CE0CEC-45A6-4CA4-8B39-CBEEBFD8062B}
	EndGlobalSection
EndGlobal
